
Microsoft Visual Studio Solution File, Format Version 12.00
# Visual Studio Version 17
VisualStudioVersion = 17.3.32929.385
MinimumVisualStudioVersion = 10.0.40219.1
Project("{FAE04EC0-301F-11D3-BF4B-00C04F79EFBC}") = "EmployeeInfo", "EmployeeInfo\EmployeeInfo.csproj", "{C0E94DB3-3004-4A20-880F-671DCA80E155}"
EndProject
Global
	GlobalSection(SolutionConfigurationPlatforms) = preSolution
		Debug|Any CPU = Debug|Any CPU
		Release|Any CPU = Release|Any CPU
	EndGlobalSection
	GlobalSection(ProjectConfigurationPlatforms) = postSolution
		{C0E94DB3-3004-4A20-880F-671DCA80E155}.Debug|Any CPU.ActiveCfg = Debug|Any CPU
		{C0E94DB3-3004-4A20-880F-671DCA80E155}.Debug|Any CPU.Build.0 = Debug|Any CPU
		{C0E94DB3-3004-4A20-880F-671DCA80E155}.Release|Any CPU.ActiveCfg = Release|Any CPU
		{C0E94DB3-3004-4A20-880F-671DCA80E155}.Release|Any CPU.Build.0 = Release|Any CPU
	EndGlobalSection
	GlobalSection(SolutionProperties) = preSolution
		HideSolutionNode = FALSE
	EndGlobalSection
	GlobalSection(ExtensibilityGlobals) = postSolution
		SolutionGuid = {95BD6BF5-35F0-47E1-8858-ACED034BE48D}
	EndGlobalSection
EndGlobal
